
Microsoft Visual Studio Solution File, Format Version 12.00
# Visual Studio 15
VisualStudioVersion = 15.0.26403.7
MinimumVisualStudioVersion = 10.0.40219.1
Project("{FAE04EC0-301F-11D3-BF4B-00C04F79EFBC}") = "CalcTyper", "CalcTyper.csproj", "{FBB32F70-4B10-4C70-84B8-4EE2364F8B71}"
EndProject
Global
	GlobalSection(SolutionConfigurationPlatforms) = preSolution
		Debug|Any CPU = Debug|Any CPU
		Release|Any CPU = Release|Any CPU
	EndGlobalSection
	GlobalSection(ProjectConfigurationPlatforms) = postSolution
		{FBB32F70-4B10-4C70-84B8-4EE2364F8B71}.Debug|Any CPU.ActiveCfg = Debug|Any CPU
		{FBB32F70-4B10-4C70-84B8-4EE2364F8B71}.Debug|Any CPU.Build.0 = Debug|Any CPU
		{FBB32F70-4B10-4C70-84B8-4EE2364F8B71}.Release|Any CPU.ActiveCfg = Release|Any CPU
		{FBB32F70-4B10-4C70-84B8-4EE2364F8B71}.Release|Any CPU.Build.0 = Release|Any CPU
	EndGlobalSection
	GlobalSection(SolutionProperties) = preSolution
		HideSolutionNode = FALSE
	EndGlobalSection
EndGlobal
